// !$*UTF8*$!
{
	archiveVersion = 1;
	classes = {
	};
	objectVersion = 46;
	objects = {

/* Begin PBXBuildFile section */
		16418DEC1F2A3B9000C0282C /* AppDelegate.swift in Sources */ = {isa = PBXBuildFile; fileRef = 16418DEB1F2A3B9000C0282C /* AppDelegate.swift */; };
		16418DEE1F2A3B9000C0282C /* ViewController.swift in Sources */ = {isa = PBXBuildFile; fileRef = 16418DED1F2A3B9000C0282C /* ViewController.swift */; };
		16418DF11F2A3B9000C0282C /* Main.storyboard in Resources */ = {isa = PBXBuildFile; fileRef = 16418DEF1F2A3B9000C0282C /* Main.storyboard */; };
		16418DF31F2A3B9000C0282C /* Assets.xcassets in Resources */ = {isa = PBXBuildFile; fileRef = 16418DF21F2A3B9000C0282C /* Assets.xcassets */; };
		16418DF61F2A3B9000C0282C /* LaunchScreen.storyboard in Resources */ = {isa = PBXBuildFile; fileRef = 16418DF41F2A3B9000C0282C /* LaunchScreen.storyboard */; };
		16418E011F2A3B9000C0282C /* Final_ProjectTests.swift in Sources */ = {isa = PBXBuildFile; fileRef = 16418E001F2A3B9000C0282C /* Final_ProjectTests.swift */; };
		16418E0C1F2A3B9000C0282C /* Final_ProjectUITests.swift in Sources */ = {isa = PBXBuildFile; fileRef = 16418E0B1F2A3B9000C0282C /* Final_ProjectUITests.swift */; };
/* End PBXBuildFile section */

/* Begin PBXContainerItemProxy section */
		16418DFD1F2A3B9000C0282C /* PBXContainerItemProxy */ = {
			isa = PBXContainerItemProxy;
			containerPortal = 16418DE01F2A3B9000C0282C /* Project object */;
			proxyType = 1;
			remoteGlobalIDString = 16418DE71F2A3B9000C0282C;
			remoteInfo = "Final Project";
		};
		16418E081F2A3B9000C0282C /* PBXContainerItemProxy */ = {
			isa = PBXContainerItemProxy;
			containerPortal = 16418DE01F2A3B9000C0282C /* Project object */;
			proxyType = 1;
			remoteGlobalIDString = 16418DE71F2A3B9000C0282C;
			remoteInfo = "Final Project";
		};
/* End PBXContainerItemProxy section */

/* Begin PBXFileReference section */
		16418DE81F2A3B9000C0282C /* Final Project.app */ = {isa = PBXFileReference; explicitFileType = wrapper.application; includeInIndex = 0; path = "Final Project.app"; sourceTree = BUILT_PRODUCTS_DIR; };
		16418DEB1F2A3B9000C0282C /* AppDelegate.swift */ = {isa = PBXFileReference; lastKnownFileType = sourcecode.swift; path = AppDelegate.swift; sourceTree = "<group>"; };
		16418DED1F2A3B9000C0282C /* ViewController.swift */ = {isa = PBXFileReference; lastKnownFileType = sourcecode.swift; path = ViewController.swift; sourceTree = "<group>"; };
		16418DF01F2A3B9000C0282C /* Base */ = {isa = PBXFileReference; lastKnownFileType = file.storyboard; name = Base; path = Base.lproj/Main.storyboard; sourceTree = "<group>"; };
		16418DF21F2A3B9000C0282C /* Assets.xcassets */ = {isa = PBXFileReference; lastKnownFileType = folder.assetcatalog; path = Assets.xcassets; sourceTree = "<group>"; };
		16418DF51F2A3B9000C0282C /* Base */ = {isa = PBXFileReference; lastKnownFileType = file.storyboard; name = Base; path = Base.lproj/LaunchScreen.storyboard; sourceTree = "<group>"; };
		16418DF71F2A3B9000C0282C /* Info.plist */ = {isa = PBXFileReference; lastKnownFileType = text.plist.xml; path = Info.plist; sourceTree = "<group>"; };
		16418DFC1F2A3B9000C0282C /* Final ProjectTests.xctest */ = {isa = PBXFileReference; explicitFileType = wrapper.cfbundle; includeInIndex = 0; path = "Final ProjectTests.xctest"; sourceTree = BUILT_PRODUCTS_DIR; };
		16418E001F2A3B9000C0282C /* Final_ProjectTests.swift */ = {isa = PBXFileReference; lastKnownFileType = sourcecode.swift; path = Final_ProjectTests.swift; sourceTree = "<group>"; };
		16418E021F2A3B9000C0282C /* Info.plist */ = {isa = PBXFileReference; lastKnownFileType = text.plist.xml; path = Info.plist; sourceTree = "<group>"; };
		16418E071F2A3B9000C0282C /* Final ProjectUITests.xctest */ = {isa = PBXFileReference; explicitFileType = wrapper.cfbundle; includeInIndex = 0; path = "Final ProjectUITests.xctest"; sourceTree = BUILT_PRODUCTS_DIR; };
		16418E0B1F2A3B9000C0282C /* Final_ProjectUITests.swift */ = {isa = PBXFileReference; lastKnownFileType = sourcecode.swift; path = Final_ProjectUITests.swift; sourceTree = "<group>"; };
		16418E0D1F2A3B9000C0282C /* Info.plist */ = {isa = PBXFileReference; lastKnownFileType = text.plist.xml; path = Info.plist; sourceTree = "<group>"; };
/* End PBXFileReference section */

/* Begin PBXFrameworksBuildPhase section */
		16418DE51F2A3B9000C0282C /* Frameworks */ = {
			isa = PBXFrameworksBuildPhase;
			buildActionMask = 2147483647;
			files = (
			);
			runOnlyForDeploymentPostprocessing = 0;
		};
		16418DF91F2A3B9000C0282C /* Frameworks */ = {
			isa = PBXFrameworksBuildPhase;
			buildActionMask = 2147483647;
			files = (
			);
			runOnlyForDeploymentPostprocessing = 0;
		};
		16418E041F2A3B9000C0282C /* Frameworks */ = {
			isa = PBXFrameworksBuildPhase;
			buildActionMask = 2147483647;
			files = (
			);
			runOnlyForDeploymentPostprocessing = 0;
		};
/* End PBXFrameworksBuildPhase section */

/* Begin PBXGroup section */
		16418DDF1F2A3B9000C0282C = {
			isa = PBXGroup;
			children = (
				16418DEA1F2A3B9000C0282C /* Final Project */,
				16418DFF1F2A3B9000C0282C /* Final ProjectTests */,
				16418E0A1F2A3B9000C0282C /* Final ProjectUITests */,
				16418DE91F2A3B9000C0282C /* Products */,
			);
			sourceTree = "<group>";
		};
		16418DE91F2A3B9000C0282C /* Products */ = {
			isa = PBXGroup;
			children = (
				16418DE81F2A3B9000C0282C /* Final Project.app */,
				16418DFC1F2A3B9000C0282C /* Final ProjectTests.xctest */,
				16418E071F2A3B9000C0282C /* Final ProjectUITests.xctest */,
			);
			name = Products;
			sourceTree = "<group>";
		};
		16418DEA1F2A3B9000C0282C /* Final Project */ = {
			isa = PBXGroup;
			children = (
				16418DEB1F2A3B9000C0282C /* AppDelegate.swift */,
				16418DED1F2A3B9000C0282C /* ViewController.swift */,
				16418DEF1F2A3B9000C0282C /* Main.storyboard */,
				16418DF21F2A3B9000C0282C /* Assets.xcassets */,
				16418DF41F2A3B9000C0282C /* LaunchScreen.storyboard */,
				16418DF71F2A3B9000C0282C /* Info.plist */,
			);
			path = "Final Project";
			sourceTree = "<group>";
		};
		16418DFF1F2A3B9000C0282C /* Final ProjectTests */ = {
			isa = PBXGroup;
			children = (
				16418E001F2A3B9000C0282C /* Final_ProjectTests.swift */,
				16418E021F2A3B9000C0282C /* Info.plist */,
			);
			path = "Final ProjectTests";
			sourceTree = "<group>";
		};
		16418E0A1F2A3B9000C0282C /* Final ProjectUITests */ = {
			isa = PBXGroup;
			children = (
				16418E0B1F2A3B9000C0282C /* Final_ProjectUITests.swift */,
				16418E0D1F2A3B9000C0282C /* Info.plist */,
			);
			path = "Final ProjectUITests";
			sourceTree = "<group>";
		};
/* End PBXGroup section */

/* Begin PBXNativeTarget section */
		16418DE71F2A3B9000C0282C /* Final Project */ = {
			isa = PBXNativeTarget;
			buildConfigurationList = 16418E101F2A3B9000C0282C /* Build configuration list for PBXNativeTarget "Final Project" */;
			buildPhases = (
				16418DE41F2A3B9000C0282C /* Sources */,
				16418DE51F2A3B9000C0282C /* Frameworks */,
				16418DE61F2A3B9000C0282C /* Resources */,
			);
			buildRules = (
			);
			dependencies = (
			);
			name = "Final Project";
			productName = "Final Project";
			productReference = 16418DE81F2A3B9000C0282C /* Final Project.app */;
			productType = "com.apple.product-type.application";
		};
		16418DFB1F2A3B9000C0282C /* Final ProjectTests */ = {
			isa = PBXNativeTarget;
			buildConfigurationList = 16418E131F2A3B9000C0282C /* Build configuration list for PBXNativeTarget "Final ProjectTests" */;
			buildPhases = (
				16418DF81F2A3B9000C0282C /* Sources */,
				16418DF91F2A3B9000C0282C /* Frameworks */,
				16418DFA1F2A3B9000C0282C /* Resources */,
			);
			buildRules = (
			);
			dependencies = (
				16418DFE1F2A3B9000C0282C /* PBXTargetDependency */,
			);
			name = "Final ProjectTests";
			productName = "Final ProjectTests";
			productReference = 16418DFC1F2A3B9000C0282C /* Final ProjectTests.xctest */;
			productType = "com.apple.product-type.bundle.unit-test";
		};
		16418E061F2A3B9000C0282C /* Final ProjectUITests */ = {
			isa = PBXNativeTarget;
			buildConfigurationList = 16418E161F2A3B9000C0282C /* Build configuration list for PBXNativeTarget "Final ProjectUITests" */;
			buildPhases = (
				16418E031F2A3B9000C0282C /* Sources */,
				16418E041F2A3B9000C0282C /* Frameworks */,
				16418E051F2A3B9000C0282C /* Resources */,
			);
			buildRules = (
			);
			dependencies = (
				16418E091F2A3B9000C0282C /* PBXTargetDependency */,
			);
			name = "Final ProjectUITests";
			productName = "Final ProjectUITests";
			productReference = 16418E071F2A3B9000C0282C /* Final ProjectUITests.xctest */;
			productType = "com.apple.product-type.bundle.ui-testing";
		};
/* End PBXNativeTarget section */

/* Begin PBXProject section */
		16418DE01F2A3B9000C0282C /* Project object */ = {
			isa = PBXProject;
			attributes = {
				LastSwiftUpdateCheck = 0830;
				LastUpgradeCheck = 0830;
				ORGANIZATIONNAME = "Kourosh Mobl";
				TargetAttributes = {
					16418DE71F2A3B9000C0282C = {
						CreatedOnToolsVersion = 8.3.2;
						DevelopmentTeam = N2W8AR7EF5;
						ProvisioningStyle = Automatic;
					};
					16418DFB1F2A3B9000C0282C = {
						CreatedOnToolsVersion = 8.3.2;
						DevelopmentTeam = N2W8AR7EF5;
						ProvisioningStyle = Automatic;
						TestTargetID = 16418DE71F2A3B9000C0282C;
					};
					16418E061F2A3B9000C0282C = {
						CreatedOnToolsVersion = 8.3.2;
						DevelopmentTeam = N2W8AR7EF5;
						ProvisioningStyle = Automatic;
						TestTargetID = 16418DE71F2A3B9000C0282C;
					};
				};
			};
			buildConfigurationList = 16418DE31F2A3B9000C0282C /* Build configuration list for PBXProject "Final Project" */;
			compatibilityVersion = "Xcode 3.2";
			developmentRegion = English;
			hasScannedForEncodings = 0;
			knownRegions = (
				en,
				Base,
			);
			mainGroup = 16418DDF1F2A3B9000C0282C;
			productRefGroup = 16418DE91F2A3B9000C0282C /* Products */;
			projectDirPath = "";
			projectRoot = "";
			targets = (
				16418DE71F2A3B9000C0282C /* Final Project */,
				16418DFB1F2A3B9000C0282C /* Final ProjectTests */,
				16418E061F2A3B9000C0282C /* Final ProjectUITests */,
			);
		};
/* End PBXProject section */

/* Begin PBXResourcesBuildPhase section */
		16418DE61F2A3B9000C0282C /* Resources */ = {
			isa = PBXResourcesBuildPhase;
			buildActionMask = 2147483647;
			files = (
				16418DF61F2A3B9000C0282C /* LaunchScreen.storyboard in Resources */,
				16418DF31F2A3B9000C0282C /* Assets.xcassets in Resources */,
				16418DF11F2A3B9000C0282C /* Main.storyboard in Resources */,
			);
			runOnlyForDeploymentPostprocessing = 0;
		};
		16418DFA1F2A3B9000C0282C /* Resources */ = {
			isa = PBXResourcesBuildPhase;
			buildActionMask = 2147483647;
			files = (
			);
			runOnlyForDeploymentPostprocessing = 0;
		};
		16418E051F2A3B9000C0282C /* Resources */ = {
			isa = PBXResourcesBuildPhase;
			buildActionMask = 2147483647;
			files = (
			);
			runOnlyForDeploymentPostprocessing = 0;
		};
/* End PBXResourcesBuildPhase section */

/* Begin PBXSourcesBuildPhase section */
		16418DE41F2A3B9000C0282C /* Sources */ = {
			isa = PBXSourcesBuildPhase;
			buildActionMask = 2147483647;
			files = (
				16418DEE1F2A3B9000C0282C /* ViewController.swift in Sources */,
				16418DEC1F2A3B9000C0282C /* AppDelegate.swift in Sources */,
			);
			runOnlyForDeploymentPostprocessing = 0;
		};
		16418DF81F2A3B9000C0282C /* Sources */ = {
			isa = PBXSourcesBuildPhase;
			buildActionMask = 2147483647;
			files = (
				16418E011F2A3B9000C0282C /* Final_ProjectTests.swift in Sources */,
			);
			runOnlyForDeploymentPostprocessing = 0;
		};
		16418E031F2A3B9000C0282C /* Sources */ = {
			isa = PBXSourcesBuildPhase;
			buildActionMask = 2147483647;
			files = (
				16418E0C1F2A3B9000C0282C /* Final_ProjectUITests.swift in Sources */,
			);
			runOnlyForDeploymentPostprocessing = 0;
		};
/* End PBXSourcesBuildPhase section */

/* Begin PBXTargetDependency section */
		16418DFE1F2A3B9000C0282C /* PBXTargetDependency */ = {
			isa = PBXTargetDependency;
			target = 16418DE71F2A3B9000C0282C /* Final Project */;
			targetProxy = 16418DFD1F2A3B9000C0282C /* PBXContainerItemProxy */;
		};
		16418E091F2A3B9000C0282C /* PBXTargetDependency */ = {
			isa = PBXTargetDependency;
			target = 16418DE71F2A3B9000C0282C /* Final Project */;
			targetProxy = 16418E081F2A3B9000C0282C /* PBXContainerItemProxy */;
		};
/* End PBXTargetDependency section */

/* Begin PBXVariantGroup section */
		16418DEF1F2A3B9000C0282C /* Main.storyboard */ = {
			isa = PBXVariantGroup;
			children = (
				16418DF01F2A3B9000C0282C /* Base */,
			);
			name = Main.storyboard;
			sourceTree = "<group>";
		};
		16418DF41F2A3B9000C0282C /* LaunchScreen.storyboard */ = {
			isa = PBXVariantGroup;
			children = (
				16418DF51F2A3B9000C0282C /* Base */,
			);
			name = LaunchScreen.storyboard;
			sourceTree = "<group>";
		};
/* End PBXVariantGroup section */

/* Begin XCBuildConfiguration section */
		16418E0E1F2A3B9000C0282C /* Debug */ = {
			isa = XCBuildConfiguration;
			buildSettings = {
				ALWAYS_SEARCH_USER_PATHS = NO;
				CLANG_ANALYZER_NONNULL = YES;
				CLANG_ANALYZER_NUMBER_OBJECT_CONVERSION = YES_AGGRESSIVE;
				CLANG_CXX_LANGUAGE_STANDARD = "gnu++0x";
				CLANG_CXX_LIBRARY = "libc++";
				CLANG_ENABLE_MODULES = YES;
				CLANG_ENABLE_OBJC_ARC = YES;
				CLANG_WARN_BOOL_CONVERSION = YES;
				CLANG_WARN_CONSTANT_CONVERSION = YES;
				CLANG_WARN_DIRECT_OBJC_ISA_USAGE = YES_ERROR;
				CLANG_WARN_DOCUMENTATION_COMMENTS = YES;
				CLANG_WARN_EMPTY_BODY = YES;
				CLANG_WARN_ENUM_CONVERSION = YES;
				CLANG_WARN_INFINITE_RECURSION = YES;
				CLANG_WARN_INT_CONVERSION = YES;
				CLANG_WARN_OBJC_ROOT_CLASS = YES_ERROR;
				CLANG_WARN_SUSPICIOUS_MOVE = YES;
				CLANG_WARN_UNREACHABLE_CODE = YES;
				CLANG_WARN__DUPLICATE_METHOD_MATCH = YES;
				"CODE_SIGN_IDENTITY[sdk=iphoneos*]" = "iPhone Developer";
				COPY_PHASE_STRIP = NO;
				DEBUG_INFORMATION_FORMAT = dwarf;
				ENABLE_STRICT_OBJC_MSGSEND = YES;
				ENABLE_TESTABILITY = YES;
				GCC_C_LANGUAGE_STANDARD = gnu99;
				GCC_DYNAMIC_NO_PIC = NO;
				GCC_NO_COMMON_BLOCKS = YES;
				GCC_OPTIMIZATION_LEVEL = 0;
				GCC_PREPROCESSOR_DEFINITIONS = (
					"DEBUG=1",
					"$(inherited)",
				);
				GCC_WARN_64_TO_32_BIT_CONVERSION = YES;
				GCC_WARN_ABOUT_RETURN_TYPE = YES_ERROR;
				GCC_WARN_UNDECLARED_SELECTOR = YES;
				GCC_WARN_UNINITIALIZED_AUTOS = YES_AGGRESSIVE;
				GCC_WARN_UNUSED_FUNCTION = YES;
				GCC_WARN_UNUSED_VARIABLE = YES;
				IPHONEOS_DEPLOYMENT_TARGET = 10.3;
				MTL_ENABLE_DEBUG_INFO = YES;
				ONLY_ACTIVE_ARCH = YES;
				SDKROOT = iphoneos;
				SWIFT_ACTIVE_COMPILATION_CONDITIONS = DEBUG;
				SWIFT_OPTIMIZATION_LEVEL = "-Onone";
				TARGETED_DEVICE_FAMILY = "1,2";
			};
			name = Debug;
		};
		16418E0F1F2A3B9000C0282C /* Release */ = {
			isa = XCBuildConfiguration;
			buildSettings = {
				ALWAYS_SEARCH_USER_PATHS = NO;
				CLANG_ANALYZER_NONNULL = YES;
				CLANG_ANALYZER_NUMBER_OBJECT_CONVERSION = YES_AGGRESSIVE;
				CLANG_CXX_LANGUAGE_STANDARD = "gnu++0x";
				CLANG_CXX_LIBRARY = "libc++";
				CLANG_ENABLE_MODULES = YES;
				CLANG_ENABLE_OBJC_ARC = YES;
				CLANG_WARN_BOOL_CONVERSION = YES;
				CLANG_WARN_CONSTANT_CONVERSION = YES;
				CLANG_WARN_DIRECT_OBJC_ISA_USAGE = YES_ERROR;
				CLANG_WARN_DOCUMENTATION_COMMENTS = YES;
				CLANG_WARN_EMPTY_BODY = YES;
				CLANG_WARN_ENUM_CONVERSION = YES;
				CLANG_WARN_INFINITE_RECURSION = YES;
				CLANG_WARN_INT_CONVERSION = YES;
				CLANG_WARN_OBJC_ROOT_CLASS = YES_ERROR;
				CLANG_WARN_SUSPICIOUS_MOVE = YES;
				CLANG_WARN_UNREACHABLE_CODE = YES;
				CLANG_WARN__DUPLICATE_METHOD_MATCH = YES;
				"CODE_SIGN_IDENTITY[sdk=iphoneos*]" = "iPhone Developer";
				COPY_PHASE_STRIP = NO;
				DEBUG_INFORMATION_FORMAT = "dwarf-with-dsym";
				ENABLE_NS_ASSERTIONS = NO;
				ENABLE_STRICT_OBJC_MSGSEND = YES;
				GCC_C_LANGUAGE_STANDARD = gnu99;
				GCC_NO_COMMON_BLOCKS = YES;
				GCC_WARN_64_TO_32_BIT_CONVERSION = YES;
				GCC_WARN_ABOUT_RETURN_TYPE = YES_ERROR;
				GCC_WARN_UNDECLARED_SELECTOR = YES;
				GCC_WARN_UNINITIALIZED_AUTOS = YES_AGGRESSIVE;
				GCC_WARN_UNUSED_FUNCTION = YES;
				GCC_WARN_UNUSED_VARIABLE = YES;
				IPHONEOS_DEPLOYMENT_TARGET = 10.3;
				MTL_ENABLE_DEBUG_INFO = NO;
				SDKROOT = iphoneos;
				SWIFT_OPTIMIZATION_LEVEL = "-Owholemodule";
				TARGETED_DEVICE_FAMILY = "1,2";
				VALIDATE_PRODUCT = YES;
			};
			name = Release;
		};
		16418E111F2A3B9000C0282C /* Debug */ = {
			isa = XCBuildConfiguration;
			buildSettings = {
				ASSETCATALOG_COMPILER_APPICON_NAME = AppIcon;
				DEVELOPMENT_TEAM = N2W8AR7EF5;
				INFOPLIST_FILE = "Final Project/Info.plist";
				LD_RUNPATH_SEARCH_PATHS = "$(inherited) @executable_path/Frameworks";
				PRODUCT_BUNDLE_IDENTIFIER = "kourosh.mobl.Final-Project";
				PRODUCT_NAME = "$(TARGET_NAME)";
				SWIFT_VERSION = 3.0;
			};
			name = Debug;
		};
		16418E121F2A3B9000C0282C /* Release */ = {
			isa = XCBuildConfiguration;
			buildSettings = {
				ASSETCATALOG_COMPILER_APPICON_NAME = AppIcon;
				DEVELOPMENT_TEAM = N2W8AR7EF5;
				INFOPLIST_FILE = "Final Project/Info.plist";
				LD_RUNPATH_SEARCH_PATHS = "$(inherited) @executable_path/Frameworks";
				PRODUCT_BUNDLE_IDENTIFIER = "kourosh.mobl.Final-Project";
				PRODUCT_NAME = "$(TARGET_NAME)";
				SWIFT_VERSION = 3.0;
			};
			name = Release;
		};
		16418E141F2A3B9000C0282C /* Debug */ = {
			isa = XCBuildConfiguration;
			buildSettings = {
				ALWAYS_EMBED_SWIFT_STANDARD_LIBRARIES = YES;
				BUNDLE_LOADER = "$(TEST_HOST)";
				DEVELOPMENT_TEAM = N2W8AR7EF5;
				INFOPLIST_FILE = "Final ProjectTests/Info.plist";
				LD_RUNPATH_SEARCH_PATHS = "$(inherited) @executable_path/Frameworks @loader_path/Frameworks";
				PRODUCT_BUNDLE_IDENTIFIER = "kourosh.mobl.Final-ProjectTests";
				PRODUCT_NAME = "$(TARGET_NAME)";
				SWIFT_VERSION = 3.0;
				TEST_HOST = "$(BUILT_PRODUCTS_DIR)/Final Project.app/Final Project";
			};
			name = Debug;
		};
		16418E151F2A3B9000C0282C /* Release */ = {
			isa = XCBuildConfiguration;
			buildSettings = {
				ALWAYS_EMBED_SWIFT_STANDARD_LIBRARIES = YES;
				BUNDLE_LOADER = "$(TEST_HOST)";
				DEVELOPMENT_TEAM = N2W8AR7EF5;
				INFOPLIST_FILE = "Final ProjectTests/Info.plist";
				LD_RUNPATH_SEARCH_PATHS = "$(inherited) @executable_path/Frameworks @loader_path/Frameworks";
				PRODUCT_BUNDLE_IDENTIFIER = "kourosh.mobl.Final-ProjectTests";
				PRODUCT_NAME = "$(TARGET_NAME)";
				SWIFT_VERSION = 3.0;
				TEST_HOST = "$(BUILT_PRODUCTS_DIR)/Final Project.app/Final Project";
			};
			name = Release;
		};
		16418E171F2A3B9000C0282C /* Debug */ = {
			isa = XCBuildConfiguration;
			buildSettings = {
				ALWAYS_EMBED_SWIFT_STANDARD_LIBRARIES = YES;
				DEVELOPMENT_TEAM = N2W8AR7EF5;
				INFOPLIST_FILE = "Final ProjectUITests/Info.plist";
				LD_RUNPATH_SEARCH_PATHS = "$(inherited) @executable_path/Frameworks @loader_path/Frameworks";
				PRODUCT_BUNDLE_IDENTIFIER = "kourosh.mobl.Final-ProjectUITests";
				PRODUCT_NAME = "$(TARGET_NAME)";
				SWIFT_VERSION = 3.0;
				TEST_TARGET_NAME = "Final Project";
			};
			name = Debug;
		};
		16418E181F2A3B9000C0282C /* Release */ = {
			isa = XCBuildConfiguration;
			buildSettings = {
				ALWAYS_EMBED_SWIFT_STANDARD_LIBRARIES = YES;
				DEVELOPMENT_TEAM = N2W8AR7EF5;
				INFOPLIST_FILE = "Final ProjectUITests/Info.plist";
				LD_RUNPATH_SEARCH_PATHS = "$(inherited) @executable_path/Frameworks @loader_path/Frameworks";
				PRODUCT_BUNDLE_IDENTIFIER = "kourosh.mobl.Final-ProjectUITests";
				PRODUCT_NAME = "$(TARGET_NAME)";
				SWIFT_VERSION = 3.0;
				TEST_TARGET_NAME = "Final Project";
			};
			name = Release;
		};
/* End XCBuildConfiguration section */

/* Begin XCConfigurationList section */
		16418DE31F2A3B9000C0282C /* Build configuration list for PBXProject "Final Project" */ = {
			isa = XCConfigurationList;
			buildConfigurations = (
				16418E0E1F2A3B9000C0282C /* Debug */,
				16418E0F1F2A3B9000C0282C /* Release */,
			);
			defaultConfigurationIsVisible = 0;
			defaultConfigurationName = Release;
		};
		16418E101F2A3B9000C0282C /* Build configuration list for PBXNativeTarget "Final Project" */ = {
			isa = XCConfigurationList;
			buildConfigurations = (
				16418E111F2A3B9000C0282C /* Debug */,
				16418E121F2A3B9000C0282C /* Release */,
			);
			defaultConfigurationIsVisible = 0;
		};
		16418E131F2A3B9000C0282C /* Build configuration list for PBXNativeTarget "Final ProjectTests" */ = {
			isa = XCConfigurationList;
			buildConfigurations = (
				16418E141F2A3B9000C0282C /* Debug */,
				16418E151F2A3B9000C0282C /* Release */,
			);
			defaultConfigurationIsVisible = 0;
		};
		16418E161F2A3B9000C0282C /* Build configuration list for PBXNativeTarget "Final ProjectUITests" */ = {
			isa = XCConfigurationList;
			buildConfigurations = (
				16418E171F2A3B9000C0282C /* Debug */,
				16418E181F2A3B9000C0282C /* Release */,
			);
			defaultConfigurationIsVisible = 0;
		};
/* End XCConfigurationList section */
	};
	rootObject = 16418DE01F2A3B9000C0282C /* Project object */;
}
